
Microsoft Visual Studio Solution File, Format Version 12.00
# Visual Studio Version 17
VisualStudioVersion = 17.6.33801.468
MinimumVisualStudioVersion = 10.0.40219.1
Project("{FAE04EC0-301F-11D3-BF4B-00C04F79EFBC}") = "PersonelKayıt", "PersonelKayıt.csproj", "{E1E6C80C-DCA8-4EE3-ADE5-C36C5E385F35}"
EndProject
Project("{FAE04EC0-301F-11D3-BF4B-00C04F79EFBC}") = "PersonelKayıtTests", "..\PersonelKayıtTests\PersonelKayıtTests.csproj", "{0719ECCA-1A4B-4281-ACED-DCE3BF9DA0DA}"
EndProject
Project("{2150E333-8FDC-42A3-9474-1A3956D46DE8}") = "Deneme", "Deneme", "{EBADF8D5-C0F6-4295-A9B2-5510AA72CF98}"
EndProject
Project("{FAE04EC0-301F-11D3-BF4B-00C04F79EFBC}") = "WebApplication1", "..\WebApplication1\WebApplication1.csproj", "{6AD7D6F6-80C7-423D-8E39-0120F5DCFC85}"
EndProject
Global
	GlobalSection(SolutionConfigurationPlatforms) = preSolution
		Debug|Any CPU = Debug|Any CPU
		Release|Any CPU = Release|Any CPU
	EndGlobalSection
	GlobalSection(ProjectConfigurationPlatforms) = postSolution
		{E1E6C80C-DCA8-4EE3-ADE5-C36C5E385F35}.Debug|Any CPU.ActiveCfg = Debug|Any CPU
		{E1E6C80C-DCA8-4EE3-ADE5-C36C5E385F35}.Debug|Any CPU.Build.0 = Debug|Any CPU
		{E1E6C80C-DCA8-4EE3-ADE5-C36C5E385F35}.Release|Any CPU.ActiveCfg = Release|Any CPU
		{E1E6C80C-DCA8-4EE3-ADE5-C36C5E385F35}.Release|Any CPU.Build.0 = Release|Any CPU
		{0719ECCA-1A4B-4281-ACED-DCE3BF9DA0DA}.Debug|Any CPU.ActiveCfg = Debug|Any CPU
		{0719ECCA-1A4B-4281-ACED-DCE3BF9DA0DA}.Debug|Any CPU.Build.0 = Debug|Any CPU
		{0719ECCA-1A4B-4281-ACED-DCE3BF9DA0DA}.Release|Any CPU.ActiveCfg = Release|Any CPU
		{0719ECCA-1A4B-4281-ACED-DCE3BF9DA0DA}.Release|Any CPU.Build.0 = Release|Any CPU
		{6AD7D6F6-80C7-423D-8E39-0120F5DCFC85}.Debug|Any CPU.ActiveCfg = Debug|Any CPU
		{6AD7D6F6-80C7-423D-8E39-0120F5DCFC85}.Debug|Any CPU.Build.0 = Debug|Any CPU
		{6AD7D6F6-80C7-423D-8E39-0120F5DCFC85}.Release|Any CPU.ActiveCfg = Release|Any CPU
		{6AD7D6F6-80C7-423D-8E39-0120F5DCFC85}.Release|Any CPU.Build.0 = Release|Any CPU
	EndGlobalSection
	GlobalSection(SolutionProperties) = preSolution
		HideSolutionNode = FALSE
	EndGlobalSection
	GlobalSection(NestedProjects) = preSolution
		{6AD7D6F6-80C7-423D-8E39-0120F5DCFC85} = {EBADF8D5-C0F6-4295-A9B2-5510AA72CF98}
	EndGlobalSection
	GlobalSection(ExtensibilityGlobals) = postSolution
		SolutionGuid = {171CCFDF-BCDE-4435-84CD-217F1A85CA50}
	EndGlobalSection
EndGlobal
